<?xml version="1.0" encoding="UTF-8"?>
<CodeBlocks_project_file>
	<FileVersion major="1" minor="6"/>
	<Project>
		<Option title="utils"/>
		<Option makefile_is_custom="1"/>
		<Option compiler="gcc"/>
		<Option virtualFolders="CMake Files\;CMake Files\lib\;CMake Files\lib\third_party\;CMake Files\lib\third_party\secp256k1\;CMake Files\lib\third_party\googletest\;CMake Files\lib\third_party\googletest\googlemock\;CMake Files\lib\third_party\googletest\googletest\;CMake Files\lib\third_party\googletest\googletest\cmake\;CMake Files\lib\third_party\libsodium-stable\;CMake Files\lib\third_party\jsoncons\;CMake Files\lib\third_party\jsoncons\build_files\;CMake Files\lib\third_party\jsoncons\build_files\cmake\;CMake Files\lib\third_party\jsoncons\tests\;CMake Files\lib\pybind11\;CMake Files\lib\pybind11\tools\;CMake Files\lib\libtpe\;CMake Files\lib\libutils\;CMake Files\tmp\;CMake Files\interface\;CMake Files\interface\bxextensions\;CMake Files\interface\bxextensions\task_pool_executor\;CMake Files\interface\bxextensions\template_module\;"/>
		<Build>
			<Target title="all">
				<Option working_dir="/Users/daniellemachpud/workspace/bloxroute-dev/bxextensions/lib/libutils"/>
				<Option type="4"/>
				<MakeCommands>
					<Build command="/usr/bin/make -f &quot;/Users/daniellemachpud/workspace/bloxroute-dev/bxextensions/lib/libutils/Makefile&quot;  VERBOSE=1 all"/>
					<CompileFile command="/usr/bin/make -f &quot;/Users/daniellemachpud/workspace/bloxroute-dev/bxextensions/lib/libutils/Makefile&quot;  VERBOSE=1 &quot;$file&quot;"/>
					<Clean command="/usr/bin/make -f &quot;/Users/daniellemachpud/workspace/bloxroute-dev/bxextensions/lib/libutils/Makefile&quot;  VERBOSE=1 clean"/>
					<DistClean command="/usr/bin/make -f &quot;/Users/daniellemachpud/workspace/bloxroute-dev/bxextensions/lib/libutils/Makefile&quot;  VERBOSE=1 clean"/>
				</MakeCommands>
			</Target>
			<Target title="check_utils">
				<Option output="/Users/daniellemachpud/workspace/bloxroute-dev/bxextensions/lib/libutils/check_utils" prefix_auto="0" extension_auto="0"/>
				<Option working_dir="/Users/daniellemachpud/workspace/bloxroute-dev/bxextensions/lib/libutils"/>
				<Option object_output="./"/>
				<Option type="1"/>
				<Option compiler="gcc"/>
				<Compiler>
					<Add directory="/Users/daniellemachpud/workspace/bloxroute-dev/bxextensions/include"/>
					<Add directory="/Users/daniellemachpud/workspace/bloxroute-dev/bxextensions/lib/libutils"/>
					<Add directory="/Users/daniellemachpud/workspace/bloxroute-dev/bxextensions/lib/third_party/jsoncons/include"/>
					<Add directory="/Users/daniellemachpud/workspace/bloxroute-dev/bxextensions/lib/third_party/googletest/googletest/include"/>
					<Add directory="/Users/daniellemachpud/workspace/bloxroute-dev/bxextensions/lib/third_party/googletest/googletest"/>
				</Compiler>
				<MakeCommands>
					<Build command="/usr/bin/make -f &quot;/Users/daniellemachpud/workspace/bloxroute-dev/bxextensions/lib/libutils/Makefile&quot;  VERBOSE=1 check_utils"/>
					<CompileFile command="/usr/bin/make -f &quot;/Users/daniellemachpud/workspace/bloxroute-dev/bxextensions/lib/libutils/Makefile&quot;  VERBOSE=1 &quot;$file&quot;"/>
					<Clean command="/usr/bin/make -f &quot;/Users/daniellemachpud/workspace/bloxroute-dev/bxextensions/lib/libutils/Makefile&quot;  VERBOSE=1 clean"/>
					<DistClean command="/usr/bin/make -f &quot;/Users/daniellemachpud/workspace/bloxroute-dev/bxextensions/lib/libutils/Makefile&quot;  VERBOSE=1 clean"/>
				</MakeCommands>
			</Target>
			<Target title="check_utils/fast">
				<Option output="/Users/daniellemachpud/workspace/bloxroute-dev/bxextensions/lib/libutils/check_utils" prefix_auto="0" extension_auto="0"/>
				<Option working_dir="/Users/daniellemachpud/workspace/bloxroute-dev/bxextensions/lib/libutils"/>
				<Option object_output="./"/>
				<Option type="1"/>
				<Option compiler="gcc"/>
				<Compiler>
					<Add directory="/Users/daniellemachpud/workspace/bloxroute-dev/bxextensions/include"/>
					<Add directory="/Users/daniellemachpud/workspace/bloxroute-dev/bxextensions/lib/libutils"/>
					<Add directory="/Users/daniellemachpud/workspace/bloxroute-dev/bxextensions/lib/third_party/jsoncons/include"/>
					<Add directory="/Users/daniellemachpud/workspace/bloxroute-dev/bxextensions/lib/third_party/googletest/googletest/include"/>
					<Add directory="/Users/daniellemachpud/workspace/bloxroute-dev/bxextensions/lib/third_party/googletest/googletest"/>
				</Compiler>
				<MakeCommands>
					<Build command="/usr/bin/make -f &quot;/Users/daniellemachpud/workspace/bloxroute-dev/bxextensions/lib/libutils/Makefile&quot;  VERBOSE=1 check_utils/fast"/>
					<CompileFile command="/usr/bin/make -f &quot;/Users/daniellemachpud/workspace/bloxroute-dev/bxextensions/lib/libutils/Makefile&quot;  VERBOSE=1 &quot;$file&quot;"/>
					<Clean command="/usr/bin/make -f &quot;/Users/daniellemachpud/workspace/bloxroute-dev/bxextensions/lib/libutils/Makefile&quot;  VERBOSE=1 clean"/>
					<DistClean command="/usr/bin/make -f &quot;/Users/daniellemachpud/workspace/bloxroute-dev/bxextensions/lib/libutils/Makefile&quot;  VERBOSE=1 clean"/>
				</MakeCommands>
			</Target>
			<Target title="utils">
				<Option output="/Users/daniellemachpud/workspace/bloxroute-dev/bxextensions/lib/libutils/libutils.dylib" prefix_auto="0" extension_auto="0"/>
				<Option working_dir="/Users/daniellemachpud/workspace/bloxroute-dev/bxextensions/lib/libutils"/>
				<Option object_output="./"/>
				<Option type="3"/>
				<Option compiler="gcc"/>
				<Compiler>
					<Add directory="/Users/daniellemachpud/workspace/bloxroute-dev/bxextensions/include"/>
					<Add directory="/Users/daniellemachpud/workspace/bloxroute-dev/bxextensions/lib/libutils"/>
					<Add directory="/Users/daniellemachpud/workspace/bloxroute-dev/bxextensions/lib/third_party/jsoncons/include"/>
					<Add directory="/usr/local/opt/openssl@1.1/include"/>
					<Add directory="/Users/daniellemachpud/workspace/bloxroute-dev/bxextensions/lib/third_party/secp256k1/include"/>
				</Compiler>
				<MakeCommands>
					<Build command="/usr/bin/make -f &quot;/Users/daniellemachpud/workspace/bloxroute-dev/bxextensions/lib/libutils/Makefile&quot;  VERBOSE=1 utils"/>
					<CompileFile command="/usr/bin/make -f &quot;/Users/daniellemachpud/workspace/bloxroute-dev/bxextensions/lib/libutils/Makefile&quot;  VERBOSE=1 &quot;$file&quot;"/>
					<Clean command="/usr/bin/make -f &quot;/Users/daniellemachpud/workspace/bloxroute-dev/bxextensions/lib/libutils/Makefile&quot;  VERBOSE=1 clean"/>
					<DistClean command="/usr/bin/make -f &quot;/Users/daniellemachpud/workspace/bloxroute-dev/bxextensions/lib/libutils/Makefile&quot;  VERBOSE=1 clean"/>
				</MakeCommands>
			</Target>
			<Target title="utils/fast">
				<Option output="/Users/daniellemachpud/workspace/bloxroute-dev/bxextensions/lib/libutils/libutils.dylib" prefix_auto="0" extension_auto="0"/>
				<Option working_dir="/Users/daniellemachpud/workspace/bloxroute-dev/bxextensions/lib/libutils"/>
				<Option object_output="./"/>
				<Option type="3"/>
				<Option compiler="gcc"/>
				<Compiler>
					<Add directory="/Users/daniellemachpud/workspace/bloxroute-dev/bxextensions/include"/>
					<Add directory="/Users/daniellemachpud/workspace/bloxroute-dev/bxextensions/lib/libutils"/>
					<Add directory="/Users/daniellemachpud/workspace/bloxroute-dev/bxextensions/lib/third_party/jsoncons/include"/>
					<Add directory="/usr/local/opt/openssl@1.1/include"/>
					<Add directory="/Users/daniellemachpud/workspace/bloxroute-dev/bxextensions/lib/third_party/secp256k1/include"/>
				</Compiler>
				<MakeCommands>
					<Build command="/usr/bin/make -f &quot;/Users/daniellemachpud/workspace/bloxroute-dev/bxextensions/lib/libutils/Makefile&quot;  VERBOSE=1 utils/fast"/>
					<CompileFile command="/usr/bin/make -f &quot;/Users/daniellemachpud/workspace/bloxroute-dev/bxextensions/lib/libutils/Makefile&quot;  VERBOSE=1 &quot;$file&quot;"/>
					<Clean command="/usr/bin/make -f &quot;/Users/daniellemachpud/workspace/bloxroute-dev/bxextensions/lib/libutils/Makefile&quot;  VERBOSE=1 clean"/>
					<DistClean command="/usr/bin/make -f &quot;/Users/daniellemachpud/workspace/bloxroute-dev/bxextensions/lib/libutils/Makefile&quot;  VERBOSE=1 clean"/>
				</MakeCommands>
			</Target>
		</Build>
		<Unit filename="/Users/daniellemachpud/workspace/bloxroute-dev/bxextensions/lib/libutils/test/common/test_bucket.cpp">
			<Option target="check_utils"/>
		</Unit>
		<Unit filename="/Users/daniellemachpud/workspace/bloxroute-dev/bxextensions/lib/libutils/test/common/test_buffer_helper.cpp">
			<Option target="check_utils"/>
		</Unit>
		<Unit filename="/Users/daniellemachpud/workspace/bloxroute-dev/bxextensions/lib/libutils/test/common/test_buffer_view.cpp">
			<Option target="check_utils"/>
		</Unit>
		<Unit filename="/Users/daniellemachpud/workspace/bloxroute-dev/bxextensions/lib/libutils/test/common/test_byte_array.cpp">
			<Option target="check_utils"/>
		</Unit>
		<Unit filename="/Users/daniellemachpud/workspace/bloxroute-dev/bxextensions/lib/libutils/test/common/test_default_map.cpp">
			<Option target="check_utils"/>
		</Unit>
		<Unit filename="/Users/daniellemachpud/workspace/bloxroute-dev/bxextensions/lib/libutils/test/common/test_ordered_map.cpp">
			<Option target="check_utils"/>
		</Unit>
		<Unit filename="/Users/daniellemachpud/workspace/bloxroute-dev/bxextensions/lib/libutils/test/common/test_string_helper.cpp">
			<Option target="check_utils"/>
		</Unit>
		<Unit filename="/Users/daniellemachpud/workspace/bloxroute-dev/bxextensions/lib/libutils/test/concurrency/test_atomic_operation_helper.cpp">
			<Option target="check_utils"/>
		</Unit>
		<Unit filename="/Users/daniellemachpud/workspace/bloxroute-dev/bxextensions/lib/libutils/test/concurrency/test_concurrent_allocator.cpp">
			<Option target="check_utils"/>
		</Unit>
		<Unit filename="/Users/daniellemachpud/workspace/bloxroute-dev/bxextensions/lib/libutils/test/concurrency/test_safe_bucket_container.cpp">
			<Option target="check_utils"/>
		</Unit>
		<Unit filename="/Users/daniellemachpud/workspace/bloxroute-dev/bxextensions/lib/libutils/test/crypto/test_compact_short_id.cpp">
			<Option target="check_utils"/>
		</Unit>
		<Unit filename="/Users/daniellemachpud/workspace/bloxroute-dev/bxextensions/lib/libutils/test/crypto/test_sha256.cpp">
			<Option target="check_utils"/>
		</Unit>
		<Unit filename="/Users/daniellemachpud/workspace/bloxroute-dev/bxextensions/lib/libutils/test/crypto/test_sha3.cpp">
			<Option target="check_utils"/>
		</Unit>
		<Unit filename="/Users/daniellemachpud/workspace/bloxroute-dev/bxextensions/lib/libutils/test/encoding/test_base64_encoder.cpp">
			<Option target="check_utils"/>
		</Unit>
		<Unit filename="/Users/daniellemachpud/workspace/bloxroute-dev/bxextensions/lib/libutils/test/encoding/test_json_encoder.cpp">
			<Option target="check_utils"/>
		</Unit>
		<Unit filename="/Users/daniellemachpud/workspace/bloxroute-dev/bxextensions/lib/libutils/test/encoding/test_rlp.cpp">
			<Option target="check_utils"/>
		</Unit>
		<Unit filename="/Users/daniellemachpud/workspace/bloxroute-dev/bxextensions/lib/libutils/test/encoding/test_rlp_encoder.cpp">
			<Option target="check_utils"/>
		</Unit>
		<Unit filename="/Users/daniellemachpud/workspace/bloxroute-dev/bxextensions/lib/libutils/test/main.cpp">
			<Option target="check_utils"/>
		</Unit>
		<Unit filename="/Users/daniellemachpud/workspace/bloxroute-dev/bxextensions/lib/libutils/test/protocol/test_btc_block_message.cpp">
			<Option target="check_utils"/>
		</Unit>
		<Unit filename="/Users/daniellemachpud/workspace/bloxroute-dev/bxextensions/lib/libutils/test/protocol/test_btc_compact_block_message.cpp">
			<Option target="check_utils"/>
		</Unit>
		<Unit filename="/Users/daniellemachpud/workspace/bloxroute-dev/bxextensions/lib/libutils/test/protocol/test_bx_eth_block_message.cpp">
			<Option target="check_utils"/>
		</Unit>
		<Unit filename="/Users/daniellemachpud/workspace/bloxroute-dev/bxextensions/lib/libutils/test/protocol/test_eth_tx_message.cpp">
			<Option target="check_utils"/>
		</Unit>
		<Unit filename="/Users/daniellemachpud/workspace/bloxroute-dev/bxextensions/lib/libutils/utils/common/bucket.h">
			<Option target="utils"/>
		</Unit>
		<Unit filename="/Users/daniellemachpud/workspace/bloxroute-dev/bxextensions/lib/libutils/utils/common/buffer_copy.cpp">
			<Option target="utils"/>
		</Unit>
		<Unit filename="/Users/daniellemachpud/workspace/bloxroute-dev/bxextensions/lib/libutils/utils/common/buffer_copy.h">
			<Option target="utils"/>
		</Unit>
		<Unit filename="/Users/daniellemachpud/workspace/bloxroute-dev/bxextensions/lib/libutils/utils/common/buffer_helper.cpp">
			<Option target="utils"/>
		</Unit>
		<Unit filename="/Users/daniellemachpud/workspace/bloxroute-dev/bxextensions/lib/libutils/utils/common/buffer_helper.h">
			<Option target="utils"/>
		</Unit>
		<Unit filename="/Users/daniellemachpud/workspace/bloxroute-dev/bxextensions/lib/libutils/utils/common/buffer_view.cpp">
			<Option target="utils"/>
		</Unit>
		<Unit filename="/Users/daniellemachpud/workspace/bloxroute-dev/bxextensions/lib/libutils/utils/common/buffer_view.h">
			<Option target="utils"/>
		</Unit>
		<Unit filename="/Users/daniellemachpud/workspace/bloxroute-dev/bxextensions/lib/libutils/utils/common/byte_array.cpp">
			<Option target="utils"/>
		</Unit>
		<Unit filename="/Users/daniellemachpud/workspace/bloxroute-dev/bxextensions/lib/libutils/utils/common/byte_array.h">
			<Option target="utils"/>
		</Unit>
		<Unit filename="/Users/daniellemachpud/workspace/bloxroute-dev/bxextensions/lib/libutils/utils/common/default_map.h">
			<Option target="utils"/>
		</Unit>
		<Unit filename="/Users/daniellemachpud/workspace/bloxroute-dev/bxextensions/lib/libutils/utils/common/map_wrapper.h">
			<Option target="utils"/>
		</Unit>
		<Unit filename="/Users/daniellemachpud/workspace/bloxroute-dev/bxextensions/lib/libutils/utils/common/ordered_map.h">
			<Option target="utils"/>
		</Unit>
		<Unit filename="/Users/daniellemachpud/workspace/bloxroute-dev/bxextensions/lib/libutils/utils/common/string_helper.cpp">
			<Option target="utils"/>
		</Unit>
		<Unit filename="/Users/daniellemachpud/workspace/bloxroute-dev/bxextensions/lib/libutils/utils/common/string_helper.h">
			<Option target="utils"/>
		</Unit>
		<Unit filename="/Users/daniellemachpud/workspace/bloxroute-dev/bxextensions/lib/libutils/utils/common/tracked_allocator.h">
			<Option target="utils"/>
		</Unit>
		<Unit filename="/Users/daniellemachpud/workspace/bloxroute-dev/bxextensions/lib/libutils/utils/common/tx_status_consts.h">
			<Option target="utils"/>
		</Unit>
		<Unit filename="/Users/daniellemachpud/workspace/bloxroute-dev/bxextensions/lib/libutils/utils/common/tx_validation_status_consts.h">
			<Option target="utils"/>
		</Unit>
		<Unit filename="/Users/daniellemachpud/workspace/bloxroute-dev/bxextensions/lib/libutils/utils/concurrency/atomic_operation_helper.h">
			<Option target="utils"/>
		</Unit>
		<Unit filename="/Users/daniellemachpud/workspace/bloxroute-dev/bxextensions/lib/libutils/utils/concurrency/concurrent_allocator.h">
			<Option target="utils"/>
		</Unit>
		<Unit filename="/Users/daniellemachpud/workspace/bloxroute-dev/bxextensions/lib/libutils/utils/concurrency/memory_allocation_thread.cpp">
			<Option target="utils"/>
		</Unit>
		<Unit filename="/Users/daniellemachpud/workspace/bloxroute-dev/bxextensions/lib/libutils/utils/concurrency/memory_allocation_thread.h">
			<Option target="utils"/>
		</Unit>
		<Unit filename="/Users/daniellemachpud/workspace/bloxroute-dev/bxextensions/lib/libutils/utils/concurrency/queue_thread.h">
			<Option target="utils"/>
		</Unit>
		<Unit filename="/Users/daniellemachpud/workspace/bloxroute-dev/bxextensions/lib/libutils/utils/concurrency/safe_bucket_container.h">
			<Option target="utils"/>
		</Unit>
		<Unit filename="/Users/daniellemachpud/workspace/bloxroute-dev/bxextensions/lib/libutils/utils/concurrency/safe_queue.h">
			<Option target="utils"/>
		</Unit>
		<Unit filename="/Users/daniellemachpud/workspace/bloxroute-dev/bxextensions/lib/libutils/utils/concurrency/thread_pool.h">
			<Option target="utils"/>
		</Unit>
		<Unit filename="/Users/daniellemachpud/workspace/bloxroute-dev/bxextensions/lib/libutils/utils/crypto/compact_short_id.cpp">
			<Option target="utils"/>
		</Unit>
		<Unit filename="/Users/daniellemachpud/workspace/bloxroute-dev/bxextensions/lib/libutils/utils/crypto/compact_short_id.h">
			<Option target="utils"/>
		</Unit>
		<Unit filename="/Users/daniellemachpud/workspace/bloxroute-dev/bxextensions/lib/libutils/utils/crypto/encrypted_message.cpp">
			<Option target="utils"/>
		</Unit>
		<Unit filename="/Users/daniellemachpud/workspace/bloxroute-dev/bxextensions/lib/libutils/utils/crypto/encrypted_message.h">
			<Option target="utils"/>
		</Unit>
		<Unit filename="/Users/daniellemachpud/workspace/bloxroute-dev/bxextensions/lib/libutils/utils/crypto/encryption_helper.cpp">
			<Option target="utils"/>
		</Unit>
		<Unit filename="/Users/daniellemachpud/workspace/bloxroute-dev/bxextensions/lib/libutils/utils/crypto/encryption_helper.h">
			<Option target="utils"/>
		</Unit>
		<Unit filename="/Users/daniellemachpud/workspace/bloxroute-dev/bxextensions/lib/libutils/utils/crypto/hash_helper.cpp">
			<Option target="utils"/>
		</Unit>
		<Unit filename="/Users/daniellemachpud/workspace/bloxroute-dev/bxextensions/lib/libutils/utils/crypto/hash_helper.h">
			<Option target="utils"/>
		</Unit>
		<Unit filename="/Users/daniellemachpud/workspace/bloxroute-dev/bxextensions/lib/libutils/utils/crypto/keccak.cpp">
			<Option target="utils"/>
		</Unit>
		<Unit filename="/Users/daniellemachpud/workspace/bloxroute-dev/bxextensions/lib/libutils/utils/crypto/keccak.h">
			<Option target="utils"/>
		</Unit>
		<Unit filename="/Users/daniellemachpud/workspace/bloxroute-dev/bxextensions/lib/libutils/utils/crypto/sha256.cpp">
			<Option target="utils"/>
		</Unit>
		<Unit filename="/Users/daniellemachpud/workspace/bloxroute-dev/bxextensions/lib/libutils/utils/crypto/sha256.h">
			<Option target="utils"/>
		</Unit>
		<Unit filename="/Users/daniellemachpud/workspace/bloxroute-dev/bxextensions/lib/libutils/utils/crypto/signature.cpp">
			<Option target="utils"/>
		</Unit>
		<Unit filename="/Users/daniellemachpud/workspace/bloxroute-dev/bxextensions/lib/libutils/utils/crypto/signature.h">
			<Option target="utils"/>
		</Unit>
		<Unit filename="/Users/daniellemachpud/workspace/bloxroute-dev/bxextensions/lib/libutils/utils/encoding/base64_encoder.h">
			<Option target="utils"/>
		</Unit>
		<Unit filename="/Users/daniellemachpud/workspace/bloxroute-dev/bxextensions/lib/libutils/utils/encoding/json_encoder.h">
			<Option target="utils"/>
		</Unit>
		<Unit filename="/Users/daniellemachpud/workspace/bloxroute-dev/bxextensions/lib/libutils/utils/encoding/rlp.cpp">
			<Option target="utils"/>
		</Unit>
		<Unit filename="/Users/daniellemachpud/workspace/bloxroute-dev/bxextensions/lib/libutils/utils/encoding/rlp.h">
			<Option target="utils"/>
		</Unit>
		<Unit filename="/Users/daniellemachpud/workspace/bloxroute-dev/bxextensions/lib/libutils/utils/encoding/rlp_encoder.cpp">
			<Option target="utils"/>
		</Unit>
		<Unit filename="/Users/daniellemachpud/workspace/bloxroute-dev/bxextensions/lib/libutils/utils/encoding/rlp_encoder.h">
			<Option target="utils"/>
		</Unit>
		<Unit filename="/Users/daniellemachpud/workspace/bloxroute-dev/bxextensions/lib/libutils/utils/encoding/rlp_encoding_type.h">
			<Option target="utils"/>
		</Unit>
		<Unit filename="/Users/daniellemachpud/workspace/bloxroute-dev/bxextensions/lib/libutils/utils/exception/aggregated_exception.cpp">
			<Option target="utils"/>
		</Unit>
		<Unit filename="/Users/daniellemachpud/workspace/bloxroute-dev/bxextensions/lib/libutils/utils/exception/aggregated_exception.h">
			<Option target="utils"/>
		</Unit>
		<Unit filename="/Users/daniellemachpud/workspace/bloxroute-dev/bxextensions/lib/libutils/utils/exception/backtrace.cpp">
			<Option target="utils"/>
		</Unit>
		<Unit filename="/Users/daniellemachpud/workspace/bloxroute-dev/bxextensions/lib/libutils/utils/exception/backtrace.h">
			<Option target="utils"/>
		</Unit>
		<Unit filename="/Users/daniellemachpud/workspace/bloxroute-dev/bxextensions/lib/libutils/utils/exception/crypto_initialization_error.cpp">
			<Option target="utils"/>
		</Unit>
		<Unit filename="/Users/daniellemachpud/workspace/bloxroute-dev/bxextensions/lib/libutils/utils/exception/crypto_initialization_error.h">
			<Option target="utils"/>
		</Unit>
		<Unit filename="/Users/daniellemachpud/workspace/bloxroute-dev/bxextensions/lib/libutils/utils/exception/decryption_error.cpp">
			<Option target="utils"/>
		</Unit>
		<Unit filename="/Users/daniellemachpud/workspace/bloxroute-dev/bxextensions/lib/libutils/utils/exception/decryption_error.h">
			<Option target="utils"/>
		</Unit>
		<Unit filename="/Users/daniellemachpud/workspace/bloxroute-dev/bxextensions/lib/libutils/utils/exception/encryption_error.cpp">
			<Option target="utils"/>
		</Unit>
		<Unit filename="/Users/daniellemachpud/workspace/bloxroute-dev/bxextensions/lib/libutils/utils/exception/encryption_error.h">
			<Option target="utils"/>
		</Unit>
		<Unit filename="/Users/daniellemachpud/workspace/bloxroute-dev/bxextensions/lib/libutils/utils/exception/error_base.h">
			<Option target="utils"/>
		</Unit>
		<Unit filename="/Users/daniellemachpud/workspace/bloxroute-dev/bxextensions/lib/libutils/utils/exception/index_error.cpp">
			<Option target="utils"/>
		</Unit>
		<Unit filename="/Users/daniellemachpud/workspace/bloxroute-dev/bxextensions/lib/libutils/utils/exception/index_error.h">
			<Option target="utils"/>
		</Unit>
		<Unit filename="/Users/daniellemachpud/workspace/bloxroute-dev/bxextensions/lib/libutils/utils/exception/invalid_key_error.cpp">
			<Option target="utils"/>
		</Unit>
		<Unit filename="/Users/daniellemachpud/workspace/bloxroute-dev/bxextensions/lib/libutils/utils/exception/invalid_key_error.h">
			<Option target="utils"/>
		</Unit>
		<Unit filename="/Users/daniellemachpud/workspace/bloxroute-dev/bxextensions/lib/libutils/utils/exception/key_error.cpp">
			<Option target="utils"/>
		</Unit>
		<Unit filename="/Users/daniellemachpud/workspace/bloxroute-dev/bxextensions/lib/libutils/utils/exception/key_error.h">
			<Option target="utils"/>
		</Unit>
		<Unit filename="/Users/daniellemachpud/workspace/bloxroute-dev/bxextensions/lib/libutils/utils/exception/parser_error.cpp">
			<Option target="utils"/>
		</Unit>
		<Unit filename="/Users/daniellemachpud/workspace/bloxroute-dev/bxextensions/lib/libutils/utils/exception/parser_error.h">
			<Option target="utils"/>
		</Unit>
		<Unit filename="/Users/daniellemachpud/workspace/bloxroute-dev/bxextensions/lib/libutils/utils/patterns/singleton.h">
			<Option target="utils"/>
		</Unit>
		<Unit filename="/Users/daniellemachpud/workspace/bloxroute-dev/bxextensions/lib/libutils/utils/protocols/abstract_message_parser.h">
			<Option target="utils"/>
		</Unit>
		<Unit filename="/Users/daniellemachpud/workspace/bloxroute-dev/bxextensions/lib/libutils/utils/protocols/abstract_transaction_validator.h">
			<Option target="utils"/>
		</Unit>
		<Unit filename="/Users/daniellemachpud/workspace/bloxroute-dev/bxextensions/lib/libutils/utils/protocols/bitcoin/btc_block_message.cpp">
			<Option target="utils"/>
		</Unit>
		<Unit filename="/Users/daniellemachpud/workspace/bloxroute-dev/bxextensions/lib/libutils/utils/protocols/bitcoin/btc_block_message.h">
			<Option target="utils"/>
		</Unit>
		<Unit filename="/Users/daniellemachpud/workspace/bloxroute-dev/bxextensions/lib/libutils/utils/protocols/bitcoin/btc_compact_block_message.cpp">
			<Option target="utils"/>
		</Unit>
		<Unit filename="/Users/daniellemachpud/workspace/bloxroute-dev/bxextensions/lib/libutils/utils/protocols/bitcoin/btc_compact_block_message.h">
			<Option target="utils"/>
		</Unit>
		<Unit filename="/Users/daniellemachpud/workspace/bloxroute-dev/bxextensions/lib/libutils/utils/protocols/bitcoin/btc_consts.h">
			<Option target="utils"/>
		</Unit>
		<Unit filename="/Users/daniellemachpud/workspace/bloxroute-dev/bxextensions/lib/libutils/utils/protocols/bitcoin/btc_message_helper.h">
			<Option target="utils"/>
		</Unit>
		<Unit filename="/Users/daniellemachpud/workspace/bloxroute-dev/bxextensions/lib/libutils/utils/protocols/bitcoin/btc_transaction_validator.cpp">
			<Option target="utils"/>
		</Unit>
		<Unit filename="/Users/daniellemachpud/workspace/bloxroute-dev/bxextensions/lib/libutils/utils/protocols/bitcoin/btc_transaction_validator.h">
			<Option target="utils"/>
		</Unit>
		<Unit filename="/Users/daniellemachpud/workspace/bloxroute-dev/bxextensions/lib/libutils/utils/protocols/bitcoin/btc_tx_in_block.cpp">
			<Option target="utils"/>
		</Unit>
		<Unit filename="/Users/daniellemachpud/workspace/bloxroute-dev/bxextensions/lib/libutils/utils/protocols/bitcoin/btc_tx_in_block.h">
			<Option target="utils"/>
		</Unit>
		<Unit filename="/Users/daniellemachpud/workspace/bloxroute-dev/bxextensions/lib/libutils/utils/protocols/bitcoin/bx_btc_block_message.cpp">
			<Option target="utils"/>
		</Unit>
		<Unit filename="/Users/daniellemachpud/workspace/bloxroute-dev/bxextensions/lib/libutils/utils/protocols/bitcoin/bx_btc_block_message.h">
			<Option target="utils"/>
		</Unit>
		<Unit filename="/Users/daniellemachpud/workspace/bloxroute-dev/bxextensions/lib/libutils/utils/protocols/blockchain_protocol.h">
			<Option target="utils"/>
		</Unit>
		<Unit filename="/Users/daniellemachpud/workspace/bloxroute-dev/bxextensions/lib/libutils/utils/protocols/ethereum/bx_eth_block_message.cpp">
			<Option target="utils"/>
		</Unit>
		<Unit filename="/Users/daniellemachpud/workspace/bloxroute-dev/bxextensions/lib/libutils/utils/protocols/ethereum/bx_eth_block_message.h">
			<Option target="utils"/>
		</Unit>
		<Unit filename="/Users/daniellemachpud/workspace/bloxroute-dev/bxextensions/lib/libutils/utils/protocols/ethereum/eth_block_message.cpp">
			<Option target="utils"/>
		</Unit>
		<Unit filename="/Users/daniellemachpud/workspace/bloxroute-dev/bxextensions/lib/libutils/utils/protocols/ethereum/eth_block_message.h">
			<Option target="utils"/>
		</Unit>
		<Unit filename="/Users/daniellemachpud/workspace/bloxroute-dev/bxextensions/lib/libutils/utils/protocols/ethereum/eth_consts.h">
			<Option target="utils"/>
		</Unit>
		<Unit filename="/Users/daniellemachpud/workspace/bloxroute-dev/bxextensions/lib/libutils/utils/protocols/ethereum/eth_message_parser.cpp">
			<Option target="utils"/>
		</Unit>
		<Unit filename="/Users/daniellemachpud/workspace/bloxroute-dev/bxextensions/lib/libutils/utils/protocols/ethereum/eth_message_parser.h">
			<Option target="utils"/>
		</Unit>
		<Unit filename="/Users/daniellemachpud/workspace/bloxroute-dev/bxextensions/lib/libutils/utils/protocols/ethereum/eth_transaction_validator.cpp">
			<Option target="utils"/>
		</Unit>
		<Unit filename="/Users/daniellemachpud/workspace/bloxroute-dev/bxextensions/lib/libutils/utils/protocols/ethereum/eth_transaction_validator.h">
			<Option target="utils"/>
		</Unit>
		<Unit filename="/Users/daniellemachpud/workspace/bloxroute-dev/bxextensions/lib/libutils/utils/protocols/ethereum/eth_tx_message.cpp">
			<Option target="utils"/>
		</Unit>
		<Unit filename="/Users/daniellemachpud/workspace/bloxroute-dev/bxextensions/lib/libutils/utils/protocols/ethereum/eth_tx_message.h">
			<Option target="utils"/>
		</Unit>
		<Unit filename="/Users/daniellemachpud/workspace/bloxroute-dev/bxextensions/lib/libutils/utils/protocols/ethereum/eth_txs_message.cpp">
			<Option target="utils"/>
		</Unit>
		<Unit filename="/Users/daniellemachpud/workspace/bloxroute-dev/bxextensions/lib/libutils/utils/protocols/ethereum/eth_txs_message.h">
			<Option target="utils"/>
		</Unit>
		<Unit filename="/Users/daniellemachpud/workspace/bloxroute-dev/bxextensions/lib/libutils/utils/protocols/internal/block_confirmation_message.cpp">
			<Option target="utils"/>
		</Unit>
		<Unit filename="/Users/daniellemachpud/workspace/bloxroute-dev/bxextensions/lib/libutils/utils/protocols/internal/block_confirmation_message.h">
			<Option target="utils"/>
		</Unit>
		<Unit filename="/Users/daniellemachpud/workspace/bloxroute-dev/bxextensions/lib/libutils/utils/protocols/ontology/bx_ont_block_message.cpp">
			<Option target="utils"/>
		</Unit>
		<Unit filename="/Users/daniellemachpud/workspace/bloxroute-dev/bxextensions/lib/libutils/utils/protocols/ontology/bx_ont_block_message.h">
			<Option target="utils"/>
		</Unit>
		<Unit filename="/Users/daniellemachpud/workspace/bloxroute-dev/bxextensions/lib/libutils/utils/protocols/ontology/consensus/bx_ont_consensus_message.cpp">
			<Option target="utils"/>
		</Unit>
		<Unit filename="/Users/daniellemachpud/workspace/bloxroute-dev/bxextensions/lib/libutils/utils/protocols/ontology/consensus/bx_ont_consensus_message.h">
			<Option target="utils"/>
		</Unit>
		<Unit filename="/Users/daniellemachpud/workspace/bloxroute-dev/bxextensions/lib/libutils/utils/protocols/ontology/consensus/ont_consensus_json_payload.h">
			<Option target="utils"/>
		</Unit>
		<Unit filename="/Users/daniellemachpud/workspace/bloxroute-dev/bxextensions/lib/libutils/utils/protocols/ontology/consensus/ont_consensus_message.cpp">
			<Option target="utils"/>
		</Unit>
		<Unit filename="/Users/daniellemachpud/workspace/bloxroute-dev/bxextensions/lib/libutils/utils/protocols/ontology/consensus/ont_consensus_message.h">
			<Option target="utils"/>
		</Unit>
		<Unit filename="/Users/daniellemachpud/workspace/bloxroute-dev/bxextensions/lib/libutils/utils/protocols/ontology/ont_block_message.cpp">
			<Option target="utils"/>
		</Unit>
		<Unit filename="/Users/daniellemachpud/workspace/bloxroute-dev/bxextensions/lib/libutils/utils/protocols/ontology/ont_block_message.h">
			<Option target="utils"/>
		</Unit>
		<Unit filename="/Users/daniellemachpud/workspace/bloxroute-dev/bxextensions/lib/libutils/utils/protocols/ontology/ont_consts.h">
			<Option target="utils"/>
		</Unit>
		<Unit filename="/Users/daniellemachpud/workspace/bloxroute-dev/bxextensions/lib/libutils/utils/protocols/ontology/ont_message_helper.h">
			<Option target="utils"/>
		</Unit>
		<Unit filename="/Users/daniellemachpud/workspace/bloxroute-dev/bxextensions/lib/libutils/utils/protocols/ontology/ont_message_parser.cpp">
			<Option target="utils"/>
		</Unit>
		<Unit filename="/Users/daniellemachpud/workspace/bloxroute-dev/bxextensions/lib/libutils/utils/protocols/ontology/ont_message_parser.h">
			<Option target="utils"/>
		</Unit>
		<Unit filename="/Users/daniellemachpud/workspace/bloxroute-dev/bxextensions/lib/libutils/utils/protocols/ontology/ont_transaction_validator.cpp">
			<Option target="utils"/>
		</Unit>
		<Unit filename="/Users/daniellemachpud/workspace/bloxroute-dev/bxextensions/lib/libutils/utils/protocols/ontology/ont_transaction_validator.h">
			<Option target="utils"/>
		</Unit>
		<Unit filename="/Users/daniellemachpud/workspace/bloxroute-dev/bxextensions/CMakeLists.txt">
			<Option virtualFolder="CMake Files\"/>
		</Unit>
		<Unit filename="/Users/daniellemachpud/workspace/bloxroute-dev/bxextensions/lib/CMakeLists.txt">
			<Option virtualFolder="CMake Files\lib\"/>
		</Unit>
		<Unit filename="/Users/daniellemachpud/workspace/bloxroute-dev/bxextensions/lib/third_party/CMakeLists.txt">
			<Option virtualFolder="CMake Files\lib\third_party\"/>
		</Unit>
		<Unit filename="/Users/daniellemachpud/workspace/bloxroute-dev/bxextensions/lib/third_party/secp256k1/ProjectSecp256k1.cmake">
			<Option virtualFolder="CMake Files\lib\third_party\secp256k1\"/>
		</Unit>
		<Unit filename="/Users/daniellemachpud/workspace/bloxroute-dev/bxextensions/lib/third_party/googletest/CMakeLists.txt">
			<Option virtualFolder="CMake Files\lib\third_party\googletest\"/>
		</Unit>
		<Unit filename="/Users/daniellemachpud/workspace/bloxroute-dev/bxextensions/lib/third_party/googletest/googlemock/CMakeLists.txt">
			<Option virtualFolder="CMake Files\lib\third_party\googletest\googlemock\"/>
		</Unit>
		<Unit filename="/Users/daniellemachpud/workspace/bloxroute-dev/bxextensions/lib/third_party/googletest/googletest/CMakeLists.txt">
			<Option virtualFolder="CMake Files\lib\third_party\googletest\googletest\"/>
		</Unit>
		<Unit filename="/Users/daniellemachpud/workspace/bloxroute-dev/bxextensions/lib/third_party/googletest/googletest/cmake/internal_utils.cmake">
			<Option virtualFolder="CMake Files\lib\third_party\googletest\googletest\cmake\"/>
		</Unit>
		<Unit filename="/Users/daniellemachpud/workspace/bloxroute-dev/bxextensions/lib/third_party/libsodium-stable/CMakeLists.txt">
			<Option virtualFolder="CMake Files\lib\third_party\libsodium-stable\"/>
		</Unit>
		<Unit filename="/Users/daniellemachpud/workspace/bloxroute-dev/bxextensions/lib/third_party/jsoncons/CMakeLists.txt">
			<Option virtualFolder="CMake Files\lib\third_party\jsoncons\"/>
		</Unit>
		<Unit filename="/Users/daniellemachpud/workspace/bloxroute-dev/bxextensions/lib/third_party/jsoncons/build_files/cmake/Darwin.cmake">
			<Option virtualFolder="CMake Files\lib\third_party\jsoncons\build_files\cmake\"/>
		</Unit>
		<Unit filename="/Users/daniellemachpud/workspace/bloxroute-dev/bxextensions/lib/third_party/jsoncons/build_files/cmake/config.cmake.in">
			<Option virtualFolder="CMake Files\lib\third_party\jsoncons\build_files\cmake\"/>
		</Unit>
		<Unit filename="/Users/daniellemachpud/workspace/bloxroute-dev/bxextensions/lib/third_party/jsoncons/tests/CMakeLists.txt">
			<Option virtualFolder="CMake Files\lib\third_party\jsoncons\tests\"/>
		</Unit>
		<Unit filename="/Users/daniellemachpud/workspace/bloxroute-dev/bxextensions/lib/pybind11/CMakeLists.txt">
			<Option virtualFolder="CMake Files\lib\pybind11\"/>
		</Unit>
		<Unit filename="/Users/daniellemachpud/workspace/bloxroute-dev/bxextensions/lib/pybind11/tools/FindPythonLibsNew.cmake">
			<Option virtualFolder="CMake Files\lib\pybind11\tools\"/>
		</Unit>
		<Unit filename="/Users/daniellemachpud/workspace/bloxroute-dev/bxextensions/lib/pybind11/tools/pybind11Tools.cmake">
			<Option virtualFolder="CMake Files\lib\pybind11\tools\"/>
		</Unit>
		<Unit filename="/Users/daniellemachpud/workspace/bloxroute-dev/bxextensions/lib/libtpe/CMakeLists.txt">
			<Option virtualFolder="CMake Files\lib\libtpe\"/>
		</Unit>
		<Unit filename="/Users/daniellemachpud/workspace/bloxroute-dev/bxextensions/lib/libutils/CMakeLists.txt">
			<Option virtualFolder="CMake Files\lib\libutils\"/>
		</Unit>
		<Unit filename="/Users/daniellemachpud/workspace/bloxroute-dev/bxextensions/tmp/secp256k1-cfgcmd.txt.in">
			<Option virtualFolder="CMake Files\tmp\"/>
		</Unit>
		<Unit filename="/Users/daniellemachpud/workspace/bloxroute-dev/bxextensions/interface/bxextensions/task_pool_executor/CMakeLists.txt">
			<Option virtualFolder="CMake Files\interface\bxextensions\task_pool_executor\"/>
		</Unit>
		<Unit filename="/Users/daniellemachpud/workspace/bloxroute-dev/bxextensions/interface/bxextensions/template_module/CMakeLists.txt">
			<Option virtualFolder="CMake Files\interface\bxextensions\template_module\"/>
		</Unit>
	</Project>
</CodeBlocks_project_file>
